
Microsoft Visual Studio Solution File, Format Version 12.00
# Visual Studio Version 17
VisualStudioVersion = 17.1.32414.318
MinimumVisualStudioVersion = 10.0.40219.1
Project("{FAE04EC0-301F-11D3-BF4B-00C04F79EFBC}") = "WinForms Ejemplo 2", "WinForms Ejemplo 2\WinForms Ejemplo 2.csproj", "{84EA43B2-1FCB-4664-A386-9B14F40120FA}"
EndProject
Global
	GlobalSection(SolutionConfigurationPlatforms) = preSolution
		Debug|Any CPU = Debug|Any CPU
		Release|Any CPU = Release|Any CPU
	EndGlobalSection
	GlobalSection(ProjectConfigurationPlatforms) = postSolution
		{84EA43B2-1FCB-4664-A386-9B14F40120FA}.Debug|Any CPU.ActiveCfg = Debug|Any CPU
		{84EA43B2-1FCB-4664-A386-9B14F40120FA}.Debug|Any CPU.Build.0 = Debug|Any CPU
		{84EA43B2-1FCB-4664-A386-9B14F40120FA}.Release|Any CPU.ActiveCfg = Release|Any CPU
		{84EA43B2-1FCB-4664-A386-9B14F40120FA}.Release|Any CPU.Build.0 = Release|Any CPU
	EndGlobalSection
	GlobalSection(SolutionProperties) = preSolution
		HideSolutionNode = FALSE
	EndGlobalSection
	GlobalSection(ExtensibilityGlobals) = postSolution
		SolutionGuid = {4F3481A6-E258-4017-8007-5DCAF1996AA4}
	EndGlobalSection
EndGlobal
